{
  "nodes": {
    "bling": {
      "flake": false,
      "locked": {
        "lastModified": 1658565404,
        "narHash": "sha256-sUUMgdAmXAB/2ocwoo2OTZlWRbSRLdKi1oZB20qRNWU=",
        "owner": "BlingCorp",
        "repo": "bling",
        "rev": "70c894e58bb88dea55e9799ad373fdaea309da9e",
        "type": "github"
      },
      "original": {
        "owner": "BlingCorp",
        "repo": "bling",
        "type": "github"
      }
    },
    "homeManager": {
      "inputs": {
        "nixpkgs": [
          "nixpkgs"
        ]
      },
      "locked": {
        "lastModified": 1665475263,
        "narHash": "sha256-T4at7d+KsQNWh5rfjvOtQCaIMWjSDlSgQZKvxb+LcEY=",
        "owner": "nix-community",
        "repo": "home-manager",
        "rev": "17208be516fc36e2ab0ceb064d931e90eb88b2a3",
        "type": "github"
      },
      "original": {
        "owner": "nix-community",
        "ref": "release-22.05",
        "repo": "home-manager",
        "type": "github"
      }
    },
    "nixpkgs": {
      "locked": {
        "lastModified": 1665401932,
        "narHash": "sha256-mgLxYh21/0h7S/QS8U/QS+zLwlSRiiFOfPkOxLZnPgk=",
        "owner": "NixOS",
        "repo": "nixpkgs",
        "rev": "e179d1e57ad07f1294dcc29ad5283b214a6ae21e",
        "type": "github"
      },
      "original": {
        "owner": "NixOS",
        "ref": "nixos-22.05",
        "repo": "nixpkgs",
        "type": "github"
      }
    },
    "root": {
      "inputs": {
        "bling": "bling",
        "homeManager": "homeManager",
        "nixpkgs": "nixpkgs",
        "rubato": "rubato"
      }
    },
    "rubato": {
      "flake": false,
      "locked": {
        "lastModified": 1663099947,
        "narHash": "sha256-vUGyS2dYM06x2365eAabC34XRJd+MINKr53HTvIgSQ4=",
        "owner": "andOrlando",
        "repo": "rubato",
        "rev": "41583caa1aeaec8ef56dfc134531ff3eb23af057",
        "type": "github"
      },
      "original": {
        "owner": "andOrlando",
        "repo": "rubato",
        "type": "github"
      }
    }
  },
  "root": "root",
  "version": 7
}
